
Microsoft Visual Studio Solution File, Format Version 12.00
# Visual Studio 2012
Project("{FAE04EC0-301F-11D3-BF4B-00C04F79EFBC}") = "rssYnet", "rssYnet\rssYnet.csproj", "{A46AC7E1-CDF9-4C66-9D55-C542E9DB98C2}"
EndProject
Global
	GlobalSection(SolutionConfigurationPlatforms) = preSolution
		Debug|Any CPU = Debug|Any CPU
		Release|Any CPU = Release|Any CPU
	EndGlobalSection
	GlobalSection(ProjectConfigurationPlatforms) = postSolution
		{A46AC7E1-CDF9-4C66-9D55-C542E9DB98C2}.Debug|Any CPU.ActiveCfg = Debug|Any CPU
		{A46AC7E1-CDF9-4C66-9D55-C542E9DB98C2}.Debug|Any CPU.Build.0 = Debug|Any CPU
		{A46AC7E1-CDF9-4C66-9D55-C542E9DB98C2}.Release|Any CPU.ActiveCfg = Release|Any CPU
		{A46AC7E1-CDF9-4C66-9D55-C542E9DB98C2}.Release|Any CPU.Build.0 = Release|Any CPU
	EndGlobalSection
	GlobalSection(SolutionProperties) = preSolution
		HideSolutionNode = FALSE
	EndGlobalSection
EndGlobal
